
Microsoft Visual Studio Solution File, Format Version 12.00
# Visual Studio 15
VisualStudioVersion = 15.0.27130.2036
MinimumVisualStudioVersion = 10.0.40219.1
Project("{FAE04EC0-301F-11D3-BF4B-00C04F79EFBC}") = "ImageMerge", "ImageMerge\ImageMerge.csproj", "{2B245BD4-C4F0-4BA7-8EB3-CEA83E1D8B04}"
EndProject
Global
	GlobalSection(SolutionConfigurationPlatforms) = preSolution
		Debug|Any CPU = Debug|Any CPU
		Release|Any CPU = Release|Any CPU
	EndGlobalSection
	GlobalSection(ProjectConfigurationPlatforms) = postSolution
		{2B245BD4-C4F0-4BA7-8EB3-CEA83E1D8B04}.Debug|Any CPU.ActiveCfg = Debug|Any CPU
		{2B245BD4-C4F0-4BA7-8EB3-CEA83E1D8B04}.Debug|Any CPU.Build.0 = Debug|Any CPU
		{2B245BD4-C4F0-4BA7-8EB3-CEA83E1D8B04}.Release|Any CPU.ActiveCfg = Release|Any CPU
		{2B245BD4-C4F0-4BA7-8EB3-CEA83E1D8B04}.Release|Any CPU.Build.0 = Release|Any CPU
	EndGlobalSection
	GlobalSection(SolutionProperties) = preSolution
		HideSolutionNode = FALSE
	EndGlobalSection
	GlobalSection(ExtensibilityGlobals) = postSolution
		SolutionGuid = {C4F107E1-35C2-4E23-B2F7-17A9B9F160D5}
	EndGlobalSection
EndGlobal
